// !$*UTF8*$!
{
	archiveVersion = 1;
	classes = {
	};
	objectVersion = 50;
	objects = {

/* Begin PBXBuildFile section */
		437D8AE202B7CA83B10CBDEB /* Pods_Trivia.framework in Frameworks */ = {isa = PBXBuildFile; fileRef = 1659CC06F8D45F2525963959 /* Pods_Trivia.framework */; };
		5A1D7B9421C79CA800897193 /* GameController.swift in Sources */ = {isa = PBXBuildFile; fileRef = 5A1D7B9321C79CA800897193 /* GameController.swift */; };
		5A1D7B9621C79E4000897193 /* ResultsViewController.swift in Sources */ = {isa = PBXBuildFile; fileRef = 5A1D7B9521C79E4000897193 /* ResultsViewController.swift */; };
		5AA5DFE821C3F11200F424E3 /* AppDelegate.swift in Sources */ = {isa = PBXBuildFile; fileRef = 5AA5DFE721C3F11200F424E3 /* AppDelegate.swift */; };
		5AA5DFED21C3F11200F424E3 /* Main.storyboard in Resources */ = {isa = PBXBuildFile; fileRef = 5AA5DFEB21C3F11200F424E3 /* Main.storyboard */; };
		5AA5DFEF21C3F11A00F424E3 /* Assets.xcassets in Resources */ = {isa = PBXBuildFile; fileRef = 5AA5DFEE21C3F11A00F424E3 /* Assets.xcassets */; };
		5AA5DFF221C3F11A00F424E3 /* LaunchScreen.storyboard in Resources */ = {isa = PBXBuildFile; fileRef = 5AA5DFF021C3F11A00F424E3 /* LaunchScreen.storyboard */; };
		5AC7F5BD21EF5AC800CFAD8F /* HighscoreController.swift in Sources */ = {isa = PBXBuildFile; fileRef = 5AC7F5BC21EF5AC800CFAD8F /* HighscoreController.swift */; };
		5AE6421921C6909E00C80B6A /* IntroductionViewController.swift in Sources */ = {isa = PBXBuildFile; fileRef = 5AE6421821C6909E00C80B6A /* IntroductionViewController.swift */; };
		5AE6421B21C6914200C80B6A /* QuestionViewController.swift in Sources */ = {isa = PBXBuildFile; fileRef = 5AE6421A21C6914200C80B6A /* QuestionViewController.swift */; };
		5AE6421D21C691EB00C80B6A /* Questions.swift in Sources */ = {isa = PBXBuildFile; fileRef = 5AE6421C21C691EB00C80B6A /* Questions.swift */; };
		5AE9568021C874AF00D02F14 /* HighScoreTableViewController.swift in Sources */ = {isa = PBXBuildFile; fileRef = 5AE9567F21C874AF00D02F14 /* HighScoreTableViewController.swift */; };
/* End PBXBuildFile section */

/* Begin PBXFileReference section */
		1659CC06F8D45F2525963959 /* Pods_Trivia.framework */ = {isa = PBXFileReference; explicitFileType = wrapper.framework; includeInIndex = 0; path = Pods_Trivia.framework; sourceTree = BUILT_PRODUCTS_DIR; };
		5A1D7B9321C79CA800897193 /* GameController.swift */ = {isa = PBXFileReference; lastKnownFileType = sourcecode.swift; path = GameController.swift; sourceTree = "<group>"; };
		5A1D7B9521C79E4000897193 /* ResultsViewController.swift */ = {isa = PBXFileReference; lastKnownFileType = sourcecode.swift; path = ResultsViewController.swift; sourceTree = "<group>"; };
		5AA5DFE421C3F11200F424E3 /* Trivia.app */ = {isa = PBXFileReference; explicitFileType = wrapper.application; includeInIndex = 0; path = Trivia.app; sourceTree = BUILT_PRODUCTS_DIR; };
		5AA5DFE721C3F11200F424E3 /* AppDelegate.swift */ = {isa = PBXFileReference; lastKnownFileType = sourcecode.swift; path = AppDelegate.swift; sourceTree = "<group>"; };
		5AA5DFEC21C3F11200F424E3 /* Base */ = {isa = PBXFileReference; lastKnownFileType = file.storyboard; name = Base; path = Base.lproj/Main.storyboard; sourceTree = "<group>"; };
		5AA5DFEE21C3F11A00F424E3 /* Assets.xcassets */ = {isa = PBXFileReference; lastKnownFileType = folder.assetcatalog; path = Assets.xcassets; sourceTree = "<group>"; };
		5AA5DFF121C3F11A00F424E3 /* Base */ = {isa = PBXFileReference; lastKnownFileType = file.storyboard; name = Base; path = Base.lproj/LaunchScreen.storyboard; sourceTree = "<group>"; };
		5AA5DFF321C3F11A00F424E3 /* Info.plist */ = {isa = PBXFileReference; lastKnownFileType = text.plist.xml; path = Info.plist; sourceTree = "<group>"; };
		5AC7F5BC21EF5AC800CFAD8F /* HighscoreController.swift */ = {isa = PBXFileReference; lastKnownFileType = sourcecode.swift; path = HighscoreController.swift; sourceTree = "<group>"; };
		5AE6421821C6909E00C80B6A /* IntroductionViewController.swift */ = {isa = PBXFileReference; lastKnownFileType = sourcecode.swift; path = IntroductionViewController.swift; sourceTree = "<group>"; };
		5AE6421A21C6914200C80B6A /* QuestionViewController.swift */ = {isa = PBXFileReference; lastKnownFileType = sourcecode.swift; path = QuestionViewController.swift; sourceTree = "<group>"; };
		5AE6421C21C691EB00C80B6A /* Questions.swift */ = {isa = PBXFileReference; lastKnownFileType = sourcecode.swift; path = Questions.swift; sourceTree = "<group>"; };
		5AE9567F21C874AF00D02F14 /* HighScoreTableViewController.swift */ = {isa = PBXFileReference; lastKnownFileType = sourcecode.swift; path = HighScoreTableViewController.swift; sourceTree = "<group>"; };
		99046DC948DE023D7A8A62A4 /* Pods-Trivia.release.xcconfig */ = {isa = PBXFileReference; includeInIndex = 1; lastKnownFileType = text.xcconfig; name = "Pods-Trivia.release.xcconfig"; path = "Pods/Target Support Files/Pods-Trivia/Pods-Trivia.release.xcconfig"; sourceTree = "<group>"; };
		E4197B9871A68C36FC3814B0 /* Pods-Trivia.debug.xcconfig */ = {isa = PBXFileReference; includeInIndex = 1; lastKnownFileType = text.xcconfig; name = "Pods-Trivia.debug.xcconfig"; path = "Pods/Target Support Files/Pods-Trivia/Pods-Trivia.debug.xcconfig"; sourceTree = "<group>"; };
/* End PBXFileReference section */

/* Begin PBXFrameworksBuildPhase section */
		5AA5DFE121C3F11200F424E3 /* Frameworks */ = {
			isa = PBXFrameworksBuildPhase;
			buildActionMask = 2147483647;
			files = (
				437D8AE202B7CA83B10CBDEB /* Pods_Trivia.framework in Frameworks */,
			);
			runOnlyForDeploymentPostprocessing = 0;
		};
/* End PBXFrameworksBuildPhase section */

/* Begin PBXGroup section */
		5AA5DFDB21C3F11100F424E3 = {
			isa = PBXGroup;
			children = (
				5AA5DFE621C3F11200F424E3 /* Trivia */,
				5AA5DFE521C3F11200F424E3 /* Products */,
				8B6E83BC27926769CF9B1FE0 /* Pods */,
				A4DDA33294C06CB7DD4F62AF /* Frameworks */,
			);
			sourceTree = "<group>";
		};
		5AA5DFE521C3F11200F424E3 /* Products */ = {
			isa = PBXGroup;
			children = (
				5AA5DFE421C3F11200F424E3 /* Trivia.app */,
			);
			name = Products;
			sourceTree = "<group>";
		};
		5AA5DFE621C3F11200F424E3 /* Trivia */ = {
			isa = PBXGroup;
			children = (
				5AA5DFE721C3F11200F424E3 /* AppDelegate.swift */,
				5AA5DFEB21C3F11200F424E3 /* Main.storyboard */,
				5AE6421821C6909E00C80B6A /* IntroductionViewController.swift */,
				5AE6421A21C6914200C80B6A /* QuestionViewController.swift */,
				5A1D7B9521C79E4000897193 /* ResultsViewController.swift */,
				5AE6421C21C691EB00C80B6A /* Questions.swift */,
				5A1D7B9321C79CA800897193 /* GameController.swift */,
				5AC7F5BC21EF5AC800CFAD8F /* HighscoreController.swift */,
				5AE9567F21C874AF00D02F14 /* HighScoreTableViewController.swift */,
				5AA5DFEE21C3F11A00F424E3 /* Assets.xcassets */,
				5AA5DFF021C3F11A00F424E3 /* LaunchScreen.storyboard */,
				5AA5DFF321C3F11A00F424E3 /* Info.plist */,
			);
			path = Trivia;
			sourceTree = "<group>";
		};
		8B6E83BC27926769CF9B1FE0 /* Pods */ = {
			isa = PBXGroup;
			children = (
				E4197B9871A68C36FC3814B0 /* Pods-Trivia.debug.xcconfig */,
				99046DC948DE023D7A8A62A4 /* Pods-Trivia.release.xcconfig */,
			);
			name = Pods;
			sourceTree = "<group>";
		};
		A4DDA33294C06CB7DD4F62AF /* Frameworks */ = {
			isa = PBXGroup;
			children = (
				1659CC06F8D45F2525963959 /* Pods_Trivia.framework */,
			);
			name = Frameworks;
			sourceTree = "<group>";
		};
/* End PBXGroup section */

/* Begin PBXNativeTarget section */
		5AA5DFE321C3F11200F424E3 /* Trivia */ = {
			isa = PBXNativeTarget;
			buildConfigurationList = 5AA5DFF621C3F11A00F424E3 /* Build configuration list for PBXNativeTarget "Trivia" */;
			buildPhases = (
				94BB8D9C2BEAF78DA04D7A82 /* [CP] Check Pods Manifest.lock */,
				5AA5DFE021C3F11200F424E3 /* Sources */,
				5AA5DFE121C3F11200F424E3 /* Frameworks */,
				5AA5DFE221C3F11200F424E3 /* Resources */,
				9A2C0485BAE70925029EF70E /* [CP] Embed Pods Frameworks */,
			);
			buildRules = (
			);
			dependencies = (
			);
			name = Trivia;
			productName = Trivia;
			productReference = 5AA5DFE421C3F11200F424E3 /* Trivia.app */;
			productType = "com.apple.product-type.application";
		};
/* End PBXNativeTarget section */

/* Begin PBXProject section */
		5AA5DFDC21C3F11200F424E3 /* Project object */ = {
			isa = PBXProject;
			attributes = {
				LastSwiftUpdateCheck = 1010;
				LastUpgradeCheck = 1010;
				ORGANIZATIONNAME = "Hugo Langeveld";
				TargetAttributes = {
					5AA5DFE321C3F11200F424E3 = {
						CreatedOnToolsVersion = 10.1;
					};
				};
			};
			buildConfigurationList = 5AA5DFDF21C3F11200F424E3 /* Build configuration list for PBXProject "Trivia" */;
			compatibilityVersion = "Xcode 9.3";
			developmentRegion = en;
			hasScannedForEncodings = 0;
			knownRegions = (
				en,
				Base,
			);
			mainGroup = 5AA5DFDB21C3F11100F424E3;
			productRefGroup = 5AA5DFE521C3F11200F424E3 /* Products */;
			projectDirPath = "";
			projectRoot = "";
			targets = (
				5AA5DFE321C3F11200F424E3 /* Trivia */,
			);
		};
/* End PBXProject section */

/* Begin PBXResourcesBuildPhase section */
		5AA5DFE221C3F11200F424E3 /* Resources */ = {
			isa = PBXResourcesBuildPhase;
			buildActionMask = 2147483647;
			files = (
				5AA5DFF221C3F11A00F424E3 /* LaunchScreen.storyboard in Resources */,
				5AA5DFEF21C3F11A00F424E3 /* Assets.xcassets in Resources */,
				5AA5DFED21C3F11200F424E3 /* Main.storyboard in Resources */,
			);
			runOnlyForDeploymentPostprocessing = 0;
		};
/* End PBXResourcesBuildPhase section */

/* Begin PBXShellScriptBuildPhase section */
		94BB8D9C2BEAF78DA04D7A82 /* [CP] Check Pods Manifest.lock */ = {
			isa = PBXShellScriptBuildPhase;
			buildActionMask = 2147483647;
			files = (
			);
			inputFileListPaths = (
			);
			inputPaths = (
				"${PODS_PODFILE_DIR_PATH}/Podfile.lock",
				"${PODS_ROOT}/Manifest.lock",
			);
			name = "[CP] Check Pods Manifest.lock";
			outputFileListPaths = (
			);
			outputPaths = (
				"$(DERIVED_FILE_DIR)/Pods-Trivia-checkManifestLockResult.txt",
			);
			runOnlyForDeploymentPostprocessing = 0;
			shellPath = /bin/sh;
			shellScript = "diff \"${PODS_PODFILE_DIR_PATH}/Podfile.lock\" \"${PODS_ROOT}/Manifest.lock\" > /dev/null\nif [ $? != 0 ] ; then\n    # print error to STDERR\n    echo \"error: The sandbox is not in sync with the Podfile.lock. Run 'pod install' or update your CocoaPods installation.\" >&2\n    exit 1\nfi\n# This output is used by Xcode 'outputs' to avoid re-running this script phase.\necho \"SUCCESS\" > \"${SCRIPT_OUTPUT_FILE_0}\"\n";
			showEnvVarsInLog = 0;
		};
		9A2C0485BAE70925029EF70E /* [CP] Embed Pods Frameworks */ = {
			isa = PBXShellScriptBuildPhase;
			buildActionMask = 2147483647;
			files = (
			);
			inputFileListPaths = (
			);
			inputPaths = (
				"${SRCROOT}/Pods/Target Support Files/Pods-Trivia/Pods-Trivia-frameworks.sh",
				"${BUILT_PRODUCTS_DIR}/HTMLString/HTMLString.framework",
			);
			name = "[CP] Embed Pods Frameworks";
			outputFileListPaths = (
			);
			outputPaths = (
				"${TARGET_BUILD_DIR}/${FRAMEWORKS_FOLDER_PATH}/HTMLString.framework",
			);
			runOnlyForDeploymentPostprocessing = 0;
			shellPath = /bin/sh;
			shellScript = "\"${SRCROOT}/Pods/Target Support Files/Pods-Trivia/Pods-Trivia-frameworks.sh\"\n";
			showEnvVarsInLog = 0;
		};
/* End PBXShellScriptBuildPhase section */

/* Begin PBXSourcesBuildPhase section */
		5AA5DFE021C3F11200F424E3 /* Sources */ = {
			isa = PBXSourcesBuildPhase;
			buildActionMask = 2147483647;
			files = (
				5AE6421D21C691EB00C80B6A /* Questions.swift in Sources */,
				5A1D7B9621C79E4000897193 /* ResultsViewController.swift in Sources */,
				5AE6421921C6909E00C80B6A /* IntroductionViewController.swift in Sources */,
				5AE6421B21C6914200C80B6A /* QuestionViewController.swift in Sources */,
				5AC7F5BD21EF5AC800CFAD8F /* HighscoreController.swift in Sources */,
				5AE9568021C874AF00D02F14 /* HighScoreTableViewController.swift in Sources */,
				5A1D7B9421C79CA800897193 /* GameController.swift in Sources */,
				5AA5DFE821C3F11200F424E3 /* AppDelegate.swift in Sources */,
			);
			runOnlyForDeploymentPostprocessing = 0;
		};
/* End PBXSourcesBuildPhase section */

/* Begin PBXVariantGroup section */
		5AA5DFEB21C3F11200F424E3 /* Main.storyboard */ = {
			isa = PBXVariantGroup;
			children = (
				5AA5DFEC21C3F11200F424E3 /* Base */,
			);
			name = Main.storyboard;
			sourceTree = "<group>";
		};
		5AA5DFF021C3F11A00F424E3 /* LaunchScreen.storyboard */ = {
			isa = PBXVariantGroup;
			children = (
				5AA5DFF121C3F11A00F424E3 /* Base */,
			);
			name = LaunchScreen.storyboard;
			sourceTree = "<group>";
		};
/* End PBXVariantGroup section */

/* Begin XCBuildConfiguration section */
		5AA5DFF421C3F11A00F424E3 /* Debug */ = {
			isa = XCBuildConfiguration;
			buildSettings = {
				ALWAYS_SEARCH_USER_PATHS = NO;
				CLANG_ANALYZER_NONNULL = YES;
				CLANG_ANALYZER_NUMBER_OBJECT_CONVERSION = YES_AGGRESSIVE;
				CLANG_CXX_LANGUAGE_STANDARD = "gnu++14";
				CLANG_CXX_LIBRARY = "libc++";
				CLANG_ENABLE_MODULES = YES;
				CLANG_ENABLE_OBJC_ARC = YES;
				CLANG_ENABLE_OBJC_WEAK = YES;
				CLANG_WARN_BLOCK_CAPTURE_AUTORELEASING = YES;
				CLANG_WARN_BOOL_CONVERSION = YES;
				CLANG_WARN_COMMA = YES;
				CLANG_WARN_CONSTANT_CONVERSION = YES;
				CLANG_WARN_DEPRECATED_OBJC_IMPLEMENTATIONS = YES;
				CLANG_WARN_DIRECT_OBJC_ISA_USAGE = YES_ERROR;
				CLANG_WARN_DOCUMENTATION_COMMENTS = YES;
				CLANG_WARN_EMPTY_BODY = YES;
				CLANG_WARN_ENUM_CONVERSION = YES;
				CLANG_WARN_INFINITE_RECURSION = YES;
				CLANG_WARN_INT_CONVERSION = YES;
				CLANG_WARN_NON_LITERAL_NULL_CONVERSION = YES;
				CLANG_WARN_OBJC_IMPLICIT_RETAIN_SELF = YES;
				CLANG_WARN_OBJC_LITERAL_CONVERSION = YES;
				CLANG_WARN_OBJC_ROOT_CLASS = YES_ERROR;
				CLANG_WARN_RANGE_LOOP_ANALYSIS = YES;
				CLANG_WARN_STRICT_PROTOTYPES = YES;
				CLANG_WARN_SUSPICIOUS_MOVE = YES;
				CLANG_WARN_UNGUARDED_AVAILABILITY = YES_AGGRESSIVE;
				CLANG_WARN_UNREACHABLE_CODE = YES;
				CLANG_WARN__DUPLICATE_METHOD_MATCH = YES;
				CODE_SIGN_IDENTITY = "iPhone Developer";
				COPY_PHASE_STRIP = NO;
				DEBUG_INFORMATION_FORMAT = dwarf;
				ENABLE_STRICT_OBJC_MSGSEND = YES;
				ENABLE_TESTABILITY = YES;
				GCC_C_LANGUAGE_STANDARD = gnu11;
				GCC_DYNAMIC_NO_PIC = NO;
				GCC_NO_COMMON_BLOCKS = YES;
				GCC_OPTIMIZATION_LEVEL = 0;
				GCC_PREPROCESSOR_DEFINITIONS = (
					"DEBUG=1",
					"$(inherited)",
				);
				GCC_WARN_64_TO_32_BIT_CONVERSION = YES;
				GCC_WARN_ABOUT_RETURN_TYPE = YES_ERROR;
				GCC_WARN_UNDECLARED_SELECTOR = YES;
				GCC_WARN_UNINITIALIZED_AUTOS = YES_AGGRESSIVE;
				GCC_WARN_UNUSED_FUNCTION = YES;
				GCC_WARN_UNUSED_VARIABLE = YES;
				IPHONEOS_DEPLOYMENT_TARGET = 12.1;
				MTL_ENABLE_DEBUG_INFO = INCLUDE_SOURCE;
				MTL_FAST_MATH = YES;
				ONLY_ACTIVE_ARCH = YES;
				SDKROOT = iphoneos;
				SWIFT_ACTIVE_COMPILATION_CONDITIONS = DEBUG;
				SWIFT_OPTIMIZATION_LEVEL = "-Onone";
			};
			name = Debug;
		};
		5AA5DFF521C3F11A00F424E3 /* Release */ = {
			isa = XCBuildConfiguration;
			buildSettings = {
				ALWAYS_SEARCH_USER_PATHS = NO;
				CLANG_ANALYZER_NONNULL = YES;
				CLANG_ANALYZER_NUMBER_OBJECT_CONVERSION = YES_AGGRESSIVE;
				CLANG_CXX_LANGUAGE_STANDARD = "gnu++14";
				CLANG_CXX_LIBRARY = "libc++";
				CLANG_ENABLE_MODULES = YES;
				CLANG_ENABLE_OBJC_ARC = YES;
				CLANG_ENABLE_OBJC_WEAK = YES;
				CLANG_WARN_BLOCK_CAPTURE_AUTORELEASING = YES;
				CLANG_WARN_BOOL_CONVERSION = YES;
				CLANG_WARN_COMMA = YES;
				CLANG_WARN_CONSTANT_CONVERSION = YES;
				CLANG_WARN_DEPRECATED_OBJC_IMPLEMENTATIONS = YES;
				CLANG_WARN_DIRECT_OBJC_ISA_USAGE = YES_ERROR;
				CLANG_WARN_DOCUMENTATION_COMMENTS = YES;
				CLANG_WARN_EMPTY_BODY = YES;
				CLANG_WARN_ENUM_CONVERSION = YES;
				CLANG_WARN_INFINITE_RECURSION = YES;
				CLANG_WARN_INT_CONVERSION = YES;
				CLANG_WARN_NON_LITERAL_NULL_CONVERSION = YES;
				CLANG_WARN_OBJC_IMPLICIT_RETAIN_SELF = YES;
				CLANG_WARN_OBJC_LITERAL_CONVERSION = YES;
				CLANG_WARN_OBJC_ROOT_CLASS = YES_ERROR;
				CLANG_WARN_RANGE_LOOP_ANALYSIS = YES;
				CLANG_WARN_STRICT_PROTOTYPES = YES;
				CLANG_WARN_SUSPICIOUS_MOVE = YES;
				CLANG_WARN_UNGUARDED_AVAILABILITY = YES_AGGRESSIVE;
				CLANG_WARN_UNREACHABLE_CODE = YES;
				CLANG_WARN__DUPLICATE_METHOD_MATCH = YES;
				CODE_SIGN_IDENTITY = "iPhone Developer";
				COPY_PHASE_STRIP = NO;
				DEBUG_INFORMATION_FORMAT = "dwarf-with-dsym";
				ENABLE_NS_ASSERTIONS = NO;
				ENABLE_STRICT_OBJC_MSGSEND = YES;
				GCC_C_LANGUAGE_STANDARD = gnu11;
				GCC_NO_COMMON_BLOCKS = YES;
				GCC_WARN_64_TO_32_BIT_CONVERSION = YES;
				GCC_WARN_ABOUT_RETURN_TYPE = YES_ERROR;
				GCC_WARN_UNDECLARED_SELECTOR = YES;
				GCC_WARN_UNINITIALIZED_AUTOS = YES_AGGRESSIVE;
				GCC_WARN_UNUSED_FUNCTION = YES;
				GCC_WARN_UNUSED_VARIABLE = YES;
				IPHONEOS_DEPLOYMENT_TARGET = 12.1;
				MTL_ENABLE_DEBUG_INFO = NO;
				MTL_FAST_MATH = YES;
				SDKROOT = iphoneos;
				SWIFT_COMPILATION_MODE = wholemodule;
				SWIFT_OPTIMIZATION_LEVEL = "-O";
				VALIDATE_PRODUCT = YES;
			};
			name = Release;
		};
		5AA5DFF721C3F11A00F424E3 /* Debug */ = {
			isa = XCBuildConfiguration;
			baseConfigurationReference = E4197B9871A68C36FC3814B0 /* Pods-Trivia.debug.xcconfig */;
			buildSettings = {
				ASSETCATALOG_COMPILER_APPICON_NAME = AppIcon;
				CODE_SIGN_STYLE = Automatic;
				DEVELOPMENT_TEAM = PGUV847UFF;
				INFOPLIST_FILE = Trivia/Info.plist;
				LD_RUNPATH_SEARCH_PATHS = (
					"$(inherited)",
					"@executable_path/Frameworks",
				);
				PRODUCT_BUNDLE_IDENTIFIER = "hugolangeveld96-gmail.com.Trivia";
				PRODUCT_NAME = "$(TARGET_NAME)";
				SWIFT_VERSION = 4.2;
				TARGETED_DEVICE_FAMILY = "1,2";
			};
			name = Debug;
		};
		5AA5DFF821C3F11A00F424E3 /* Release */ = {
			isa = XCBuildConfiguration;
			baseConfigurationReference = 99046DC948DE023D7A8A62A4 /* Pods-Trivia.release.xcconfig */;
			buildSettings = {
				ASSETCATALOG_COMPILER_APPICON_NAME = AppIcon;
				CODE_SIGN_STYLE = Automatic;
				DEVELOPMENT_TEAM = PGUV847UFF;
				INFOPLIST_FILE = Trivia/Info.plist;
				LD_RUNPATH_SEARCH_PATHS = (
					"$(inherited)",
					"@executable_path/Frameworks",
				);
				PRODUCT_BUNDLE_IDENTIFIER = "hugolangeveld96-gmail.com.Trivia";
				PRODUCT_NAME = "$(TARGET_NAME)";
				SWIFT_VERSION = 4.2;
				TARGETED_DEVICE_FAMILY = "1,2";
			};
			name = Release;
		};
/* End XCBuildConfiguration section */

/* Begin XCConfigurationList section */
		5AA5DFDF21C3F11200F424E3 /* Build configuration list for PBXProject "Trivia" */ = {
			isa = XCConfigurationList;
			buildConfigurations = (
				5AA5DFF421C3F11A00F424E3 /* Debug */,
				5AA5DFF521C3F11A00F424E3 /* Release */,
			);
			defaultConfigurationIsVisible = 0;
			defaultConfigurationName = Release;
		};
		5AA5DFF621C3F11A00F424E3 /* Build configuration list for PBXNativeTarget "Trivia" */ = {
			isa = XCConfigurationList;
			buildConfigurations = (
				5AA5DFF721C3F11A00F424E3 /* Debug */,
				5AA5DFF821C3F11A00F424E3 /* Release */,
			);
			defaultConfigurationIsVisible = 0;
			defaultConfigurationName = Release;
		};
/* End XCConfigurationList section */
	};
	rootObject = 5AA5DFDC21C3F11200F424E3 /* Project object */;
}
